// !$*UTF8*$!
{
	archiveVersion = 1;
	classes = {
	};
	objectVersion = 56;
	objects = {

/* Begin PBXBuildFile section */
		29BC9A9828C3169200D7A8A3 /* SampleApp.swift in Sources */ = {isa = PBXBuildFile; fileRef = 29BC9A9728C3169200D7A8A3 /* SampleApp.swift */; };
		29BC9A9A28C3169200D7A8A3 /* ContentView.swift in Sources */ = {isa = PBXBuildFile; fileRef = 29BC9A9928C3169200D7A8A3 /* ContentView.swift */; };
		29BC9A9C28C3169400D7A8A3 /* Assets.xcassets in Resources */ = {isa = PBXBuildFile; fileRef = 29BC9A9B28C3169400D7A8A3 /* Assets.xcassets */; };
		29BC9AA028C3169400D7A8A3 /* Preview Assets.xcassets in Resources */ = {isa = PBXBuildFile; fileRef = 29BC9A9F28C3169400D7A8A3 /* Preview Assets.xcassets */; };
		29BC9AAA28C3169400D7A8A3 /* SampleTests.swift in Sources */ = {isa = PBXBuildFile; fileRef = 29BC9AA928C3169400D7A8A3 /* SampleTests.swift */; };
		29BC9AB428C3169400D7A8A3 /* SampleUITests.swift in Sources */ = {isa = PBXBuildFile; fileRef = 29BC9AB328C3169400D7A8A3 /* SampleUITests.swift */; };
		29BC9AB628C3169400D7A8A3 /* SampleUITestsLaunchTests.swift in Sources */ = {isa = PBXBuildFile; fileRef = 29BC9AB528C3169400D7A8A3 /* SampleUITestsLaunchTests.swift */; };
		29D19ED128C31EC40063E59F /* APIClient.swift in Sources */ = {isa = PBXBuildFile; fileRef = 29D19ED028C31EC40063E59F /* APIClient.swift */; };
		29D19ED428C320660063E59F /* SampleError.swift in Sources */ = {isa = PBXBuildFile; fileRef = 29D19ED328C320660063E59F /* SampleError.swift */; };
		29D19ED728C322320063E59F /* ProductsRequest.swift in Sources */ = {isa = PBXBuildFile; fileRef = 29D19ED628C322320063E59F /* ProductsRequest.swift */; };
		29D19ED928C324E20063E59F /* SampleService.swift in Sources */ = {isa = PBXBuildFile; fileRef = 29D19ED828C324E20063E59F /* SampleService.swift */; };
		29D19EDB28C326DA0063E59F /* SampleViewModel.swift in Sources */ = {isa = PBXBuildFile; fileRef = 29D19EDA28C326DA0063E59F /* SampleViewModel.swift */; };
		29D19EDD28C330130063E59F /* CategoriesRequest.swift in Sources */ = {isa = PBXBuildFile; fileRef = 29D19EDC28C330130063E59F /* CategoriesRequest.swift */; };
		29D19EDF28C333F80063E59F /* ProductDetailRequest.swift in Sources */ = {isa = PBXBuildFile; fileRef = 29D19EDE28C333F80063E59F /* ProductDetailRequest.swift */; };
		29D19EE128C342CD0063E59F /* ProductListView.swift in Sources */ = {isa = PBXBuildFile; fileRef = 29D19EE028C342CC0063E59F /* ProductListView.swift */; };
/* End PBXBuildFile section */

/* Begin PBXContainerItemProxy section */
		29BC9AA628C3169400D7A8A3 /* PBXContainerItemProxy */ = {
			isa = PBXContainerItemProxy;
			containerPortal = 29BC9A8C28C3169200D7A8A3 /* Project object */;
			proxyType = 1;
			remoteGlobalIDString = 29BC9A9328C3169200D7A8A3;
			remoteInfo = Sample;
		};
		29BC9AB028C3169400D7A8A3 /* PBXContainerItemProxy */ = {
			isa = PBXContainerItemProxy;
			containerPortal = 29BC9A8C28C3169200D7A8A3 /* Project object */;
			proxyType = 1;
			remoteGlobalIDString = 29BC9A9328C3169200D7A8A3;
			remoteInfo = Sample;
		};
/* End PBXContainerItemProxy section */

/* Begin PBXFileReference section */
		29BC9A9428C3169200D7A8A3 /* Sample.app */ = {isa = PBXFileReference; explicitFileType = wrapper.application; includeInIndex = 0; path = Sample.app; sourceTree = BUILT_PRODUCTS_DIR; };
		29BC9A9728C3169200D7A8A3 /* SampleApp.swift */ = {isa = PBXFileReference; lastKnownFileType = sourcecode.swift; path = SampleApp.swift; sourceTree = "<group>"; };
		29BC9A9928C3169200D7A8A3 /* ContentView.swift */ = {isa = PBXFileReference; lastKnownFileType = sourcecode.swift; path = ContentView.swift; sourceTree = "<group>"; };
		29BC9A9B28C3169400D7A8A3 /* Assets.xcassets */ = {isa = PBXFileReference; lastKnownFileType = folder.assetcatalog; path = Assets.xcassets; sourceTree = "<group>"; };
		29BC9A9D28C3169400D7A8A3 /* Sample.entitlements */ = {isa = PBXFileReference; lastKnownFileType = text.plist.entitlements; path = Sample.entitlements; sourceTree = "<group>"; };
		29BC9A9F28C3169400D7A8A3 /* Preview Assets.xcassets */ = {isa = PBXFileReference; lastKnownFileType = folder.assetcatalog; path = "Preview Assets.xcassets"; sourceTree = "<group>"; };
		29BC9AA528C3169400D7A8A3 /* SampleTests.xctest */ = {isa = PBXFileReference; explicitFileType = wrapper.cfbundle; includeInIndex = 0; path = SampleTests.xctest; sourceTree = BUILT_PRODUCTS_DIR; };
		29BC9AA928C3169400D7A8A3 /* SampleTests.swift */ = {isa = PBXFileReference; lastKnownFileType = sourcecode.swift; path = SampleTests.swift; sourceTree = "<group>"; };
		29BC9AAF28C3169400D7A8A3 /* SampleUITests.xctest */ = {isa = PBXFileReference; explicitFileType = wrapper.cfbundle; includeInIndex = 0; path = SampleUITests.xctest; sourceTree = BUILT_PRODUCTS_DIR; };
		29BC9AB328C3169400D7A8A3 /* SampleUITests.swift */ = {isa = PBXFileReference; lastKnownFileType = sourcecode.swift; path = SampleUITests.swift; sourceTree = "<group>"; };
		29BC9AB528C3169400D7A8A3 /* SampleUITestsLaunchTests.swift */ = {isa = PBXFileReference; lastKnownFileType = sourcecode.swift; path = SampleUITestsLaunchTests.swift; sourceTree = "<group>"; };
		29D19ED028C31EC40063E59F /* APIClient.swift */ = {isa = PBXFileReference; lastKnownFileType = sourcecode.swift; path = APIClient.swift; sourceTree = "<group>"; };
		29D19ED328C320660063E59F /* SampleError.swift */ = {isa = PBXFileReference; lastKnownFileType = sourcecode.swift; path = SampleError.swift; sourceTree = "<group>"; };
		29D19ED628C322320063E59F /* ProductsRequest.swift */ = {isa = PBXFileReference; lastKnownFileType = sourcecode.swift; path = ProductsRequest.swift; sourceTree = "<group>"; };
		29D19ED828C324E20063E59F /* SampleService.swift */ = {isa = PBXFileReference; lastKnownFileType = sourcecode.swift; path = SampleService.swift; sourceTree = "<group>"; };
		29D19EDA28C326DA0063E59F /* SampleViewModel.swift */ = {isa = PBXFileReference; lastKnownFileType = sourcecode.swift; path = SampleViewModel.swift; sourceTree = "<group>"; };
		29D19EDC28C330130063E59F /* CategoriesRequest.swift */ = {isa = PBXFileReference; lastKnownFileType = sourcecode.swift; path = CategoriesRequest.swift; sourceTree = "<group>"; };
		29D19EDE28C333F80063E59F /* ProductDetailRequest.swift */ = {isa = PBXFileReference; lastKnownFileType = sourcecode.swift; path = ProductDetailRequest.swift; sourceTree = "<group>"; };
		29D19EE028C342CC0063E59F /* ProductListView.swift */ = {isa = PBXFileReference; lastKnownFileType = sourcecode.swift; path = ProductListView.swift; sourceTree = "<group>"; };
/* End PBXFileReference section */

/* Begin PBXFrameworksBuildPhase section */
		29BC9A9128C3169200D7A8A3 /* Frameworks */ = {
			isa = PBXFrameworksBuildPhase;
			buildActionMask = 2147483647;
			files = (
			);
			runOnlyForDeploymentPostprocessing = 0;
		};
		29BC9AA228C3169400D7A8A3 /* Frameworks */ = {
			isa = PBXFrameworksBuildPhase;
			buildActionMask = 2147483647;
			files = (
			);
			runOnlyForDeploymentPostprocessing = 0;
		};
		29BC9AAC28C3169400D7A8A3 /* Frameworks */ = {
			isa = PBXFrameworksBuildPhase;
			buildActionMask = 2147483647;
			files = (
			);
			runOnlyForDeploymentPostprocessing = 0;
		};
/* End PBXFrameworksBuildPhase section */

/* Begin PBXGroup section */
		29BC9A8B28C3169200D7A8A3 = {
			isa = PBXGroup;
			children = (
				29BC9A9628C3169200D7A8A3 /* Sample */,
				29BC9AA828C3169400D7A8A3 /* SampleTests */,
				29BC9AB228C3169400D7A8A3 /* SampleUITests */,
				29BC9A9528C3169200D7A8A3 /* Products */,
			);
			sourceTree = "<group>";
		};
		29BC9A9528C3169200D7A8A3 /* Products */ = {
			isa = PBXGroup;
			children = (
				29BC9A9428C3169200D7A8A3 /* Sample.app */,
				29BC9AA528C3169400D7A8A3 /* SampleTests.xctest */,
				29BC9AAF28C3169400D7A8A3 /* SampleUITests.xctest */,
			);
			name = Products;
			sourceTree = "<group>";
		};
		29BC9A9628C3169200D7A8A3 /* Sample */ = {
			isa = PBXGroup;
			children = (
				29BC9A9728C3169200D7A8A3 /* SampleApp.swift */,
				29D19EE028C342CC0063E59F /* ProductListView.swift */,
				29D19ED228C31F7C0063E59F /* Errors */,
				29D19ECF28C31E7F0063E59F /* Networking */,
				29BC9A9928C3169200D7A8A3 /* ContentView.swift */,
				29D19EDA28C326DA0063E59F /* SampleViewModel.swift */,
				29D19ED828C324E20063E59F /* SampleService.swift */,
				29BC9A9B28C3169400D7A8A3 /* Assets.xcassets */,
				29BC9A9D28C3169400D7A8A3 /* Sample.entitlements */,
				29BC9A9E28C3169400D7A8A3 /* Preview Content */,
			);
			path = Sample;
			sourceTree = "<group>";
		};
		29BC9A9E28C3169400D7A8A3 /* Preview Content */ = {
			isa = PBXGroup;
			children = (
				29BC9A9F28C3169400D7A8A3 /* Preview Assets.xcassets */,
			);
			path = "Preview Content";
			sourceTree = "<group>";
		};
		29BC9AA828C3169400D7A8A3 /* SampleTests */ = {
			isa = PBXGroup;
			children = (
				29BC9AA928C3169400D7A8A3 /* SampleTests.swift */,
			);
			path = SampleTests;
			sourceTree = "<group>";
		};
		29BC9AB228C3169400D7A8A3 /* SampleUITests */ = {
			isa = PBXGroup;
			children = (
				29BC9AB328C3169400D7A8A3 /* SampleUITests.swift */,
				29BC9AB528C3169400D7A8A3 /* SampleUITestsLaunchTests.swift */,
			);
			path = SampleUITests;
			sourceTree = "<group>";
		};
		29D19ECF28C31E7F0063E59F /* Networking */ = {
			isa = PBXGroup;
			children = (
				29D19ED028C31EC40063E59F /* APIClient.swift */,
				29D19ED528C321C40063E59F /* Requests+Responses */,
			);
			path = Networking;
			sourceTree = "<group>";
		};
		29D19ED228C31F7C0063E59F /* Errors */ = {
			isa = PBXGroup;
			children = (
				29D19ED328C320660063E59F /* SampleError.swift */,
			);
			path = Errors;
			sourceTree = "<group>";
		};
		29D19ED528C321C40063E59F /* Requests+Responses */ = {
			isa = PBXGroup;
			children = (
				29D19ED628C322320063E59F /* ProductsRequest.swift */,
				29D19EDE28C333F80063E59F /* ProductDetailRequest.swift */,
				29D19EDC28C330130063E59F /* CategoriesRequest.swift */,
			);
			path = "Requests+Responses";
			sourceTree = "<group>";
		};
/* End PBXGroup section */

/* Begin PBXNativeTarget section */
		29BC9A9328C3169200D7A8A3 /* Sample */ = {
			isa = PBXNativeTarget;
			buildConfigurationList = 29BC9AB928C3169400D7A8A3 /* Build configuration list for PBXNativeTarget "Sample" */;
			buildPhases = (
				29BC9A9028C3169200D7A8A3 /* Sources */,
				29BC9A9128C3169200D7A8A3 /* Frameworks */,
				29BC9A9228C3169200D7A8A3 /* Resources */,
			);
			buildRules = (
			);
			dependencies = (
			);
			name = Sample;
			productName = Sample;
			productReference = 29BC9A9428C3169200D7A8A3 /* Sample.app */;
			productType = "com.apple.product-type.application";
		};
		29BC9AA428C3169400D7A8A3 /* SampleTests */ = {
			isa = PBXNativeTarget;
			buildConfigurationList = 29BC9ABC28C3169400D7A8A3 /* Build configuration list for PBXNativeTarget "SampleTests" */;
			buildPhases = (
				29BC9AA128C3169400D7A8A3 /* Sources */,
				29BC9AA228C3169400D7A8A3 /* Frameworks */,
				29BC9AA328C3169400D7A8A3 /* Resources */,
			);
			buildRules = (
			);
			dependencies = (
				29BC9AA728C3169400D7A8A3 /* PBXTargetDependency */,
			);
			name = SampleTests;
			productName = SampleTests;
			productReference = 29BC9AA528C3169400D7A8A3 /* SampleTests.xctest */;
			productType = "com.apple.product-type.bundle.unit-test";
		};
		29BC9AAE28C3169400D7A8A3 /* SampleUITests */ = {
			isa = PBXNativeTarget;
			buildConfigurationList = 29BC9ABF28C3169400D7A8A3 /* Build configuration list for PBXNativeTarget "SampleUITests" */;
			buildPhases = (
				29BC9AAB28C3169400D7A8A3 /* Sources */,
				29BC9AAC28C3169400D7A8A3 /* Frameworks */,
				29BC9AAD28C3169400D7A8A3 /* Resources */,
			);
			buildRules = (
			);
			dependencies = (
				29BC9AB128C3169400D7A8A3 /* PBXTargetDependency */,
			);
			name = SampleUITests;
			productName = SampleUITests;
			productReference = 29BC9AAF28C3169400D7A8A3 /* SampleUITests.xctest */;
			productType = "com.apple.product-type.bundle.ui-testing";
		};
/* End PBXNativeTarget section */

/* Begin PBXProject section */
		29BC9A8C28C3169200D7A8A3 /* Project object */ = {
			isa = PBXProject;
			attributes = {
				BuildIndependentTargetsInParallel = 1;
				LastSwiftUpdateCheck = 1400;
				LastUpgradeCheck = 1400;
				TargetAttributes = {
					29BC9A9328C3169200D7A8A3 = {
						CreatedOnToolsVersion = 14.0;
					};
					29BC9AA428C3169400D7A8A3 = {
						CreatedOnToolsVersion = 14.0;
						TestTargetID = 29BC9A9328C3169200D7A8A3;
					};
					29BC9AAE28C3169400D7A8A3 = {
						CreatedOnToolsVersion = 14.0;
						TestTargetID = 29BC9A9328C3169200D7A8A3;
					};
				};
			};
			buildConfigurationList = 29BC9A8F28C3169200D7A8A3 /* Build configuration list for PBXProject "Sample" */;
			compatibilityVersion = "Xcode 14.0";
			developmentRegion = en;
			hasScannedForEncodings = 0;
			knownRegions = (
				en,
				Base,
			);
			mainGroup = 29BC9A8B28C3169200D7A8A3;
			productRefGroup = 29BC9A9528C3169200D7A8A3 /* Products */;
			projectDirPath = "";
			projectRoot = "";
			targets = (
				29BC9A9328C3169200D7A8A3 /* Sample */,
				29BC9AA428C3169400D7A8A3 /* SampleTests */,
				29BC9AAE28C3169400D7A8A3 /* SampleUITests */,
			);
		};
/* End PBXProject section */

/* Begin PBXResourcesBuildPhase section */
		29BC9A9228C3169200D7A8A3 /* Resources */ = {
			isa = PBXResourcesBuildPhase;
			buildActionMask = 2147483647;
			files = (
				29BC9AA028C3169400D7A8A3 /* Preview Assets.xcassets in Resources */,
				29BC9A9C28C3169400D7A8A3 /* Assets.xcassets in Resources */,
			);
			runOnlyForDeploymentPostprocessing = 0;
		};
		29BC9AA328C3169400D7A8A3 /* Resources */ = {
			isa = PBXResourcesBuildPhase;
			buildActionMask = 2147483647;
			files = (
			);
			runOnlyForDeploymentPostprocessing = 0;
		};
		29BC9AAD28C3169400D7A8A3 /* Resources */ = {
			isa = PBXResourcesBuildPhase;
			buildActionMask = 2147483647;
			files = (
			);
			runOnlyForDeploymentPostprocessing = 0;
		};
/* End PBXResourcesBuildPhase section */

/* Begin PBXSourcesBuildPhase section */
		29BC9A9028C3169200D7A8A3 /* Sources */ = {
			isa = PBXSourcesBuildPhase;
			buildActionMask = 2147483647;
			files = (
				29D19ED728C322320063E59F /* ProductsRequest.swift in Sources */,
				29D19EDD28C330130063E59F /* CategoriesRequest.swift in Sources */,
				29D19ED928C324E20063E59F /* SampleService.swift in Sources */,
				29D19ED428C320660063E59F /* SampleError.swift in Sources */,
				29D19EE128C342CD0063E59F /* ProductListView.swift in Sources */,
				29D19EDB28C326DA0063E59F /* SampleViewModel.swift in Sources */,
				29BC9A9A28C3169200D7A8A3 /* ContentView.swift in Sources */,
				29BC9A9828C3169200D7A8A3 /* SampleApp.swift in Sources */,
				29D19ED128C31EC40063E59F /* APIClient.swift in Sources */,
				29D19EDF28C333F80063E59F /* ProductDetailRequest.swift in Sources */,
			);
			runOnlyForDeploymentPostprocessing = 0;
		};
		29BC9AA128C3169400D7A8A3 /* Sources */ = {
			isa = PBXSourcesBuildPhase;
			buildActionMask = 2147483647;
			files = (
				29BC9AAA28C3169400D7A8A3 /* SampleTests.swift in Sources */,
			);
			runOnlyForDeploymentPostprocessing = 0;
		};
		29BC9AAB28C3169400D7A8A3 /* Sources */ = {
			isa = PBXSourcesBuildPhase;
			buildActionMask = 2147483647;
			files = (
				29BC9AB628C3169400D7A8A3 /* SampleUITestsLaunchTests.swift in Sources */,
				29BC9AB428C3169400D7A8A3 /* SampleUITests.swift in Sources */,
			);
			runOnlyForDeploymentPostprocessing = 0;
		};
/* End PBXSourcesBuildPhase section */

/* Begin PBXTargetDependency section */
		29BC9AA728C3169400D7A8A3 /* PBXTargetDependency */ = {
			isa = PBXTargetDependency;
			target = 29BC9A9328C3169200D7A8A3 /* Sample */;
			targetProxy = 29BC9AA628C3169400D7A8A3 /* PBXContainerItemProxy */;
		};
		29BC9AB128C3169400D7A8A3 /* PBXTargetDependency */ = {
			isa = PBXTargetDependency;
			target = 29BC9A9328C3169200D7A8A3 /* Sample */;
			targetProxy = 29BC9AB028C3169400D7A8A3 /* PBXContainerItemProxy */;
		};
/* End PBXTargetDependency section */

/* Begin XCBuildConfiguration section */
		29BC9AB728C3169400D7A8A3 /* Debug */ = {
			isa = XCBuildConfiguration;
			buildSettings = {
				ALWAYS_SEARCH_USER_PATHS = NO;
				CLANG_ANALYZER_NONNULL = YES;
				CLANG_ANALYZER_NUMBER_OBJECT_CONVERSION = YES_AGGRESSIVE;
				CLANG_CXX_LANGUAGE_STANDARD = "gnu++20";
				CLANG_ENABLE_MODULES = YES;
				CLANG_ENABLE_OBJC_ARC = YES;
				CLANG_ENABLE_OBJC_WEAK = YES;
				CLANG_WARN_BLOCK_CAPTURE_AUTORELEASING = YES;
				CLANG_WARN_BOOL_CONVERSION = YES;
				CLANG_WARN_COMMA = YES;
				CLANG_WARN_CONSTANT_CONVERSION = YES;
				CLANG_WARN_DEPRECATED_OBJC_IMPLEMENTATIONS = YES;
				CLANG_WARN_DIRECT_OBJC_ISA_USAGE = YES_ERROR;
				CLANG_WARN_DOCUMENTATION_COMMENTS = YES;
				CLANG_WARN_EMPTY_BODY = YES;
				CLANG_WARN_ENUM_CONVERSION = YES;
				CLANG_WARN_INFINITE_RECURSION = YES;
				CLANG_WARN_INT_CONVERSION = YES;
				CLANG_WARN_NON_LITERAL_NULL_CONVERSION = YES;
				CLANG_WARN_OBJC_IMPLICIT_RETAIN_SELF = YES;
				CLANG_WARN_OBJC_LITERAL_CONVERSION = YES;
				CLANG_WARN_OBJC_ROOT_CLASS = YES_ERROR;
				CLANG_WARN_QUOTED_INCLUDE_IN_FRAMEWORK_HEADER = YES;
				CLANG_WARN_RANGE_LOOP_ANALYSIS = YES;
				CLANG_WARN_STRICT_PROTOTYPES = YES;
				CLANG_WARN_SUSPICIOUS_MOVE = YES;
				CLANG_WARN_UNGUARDED_AVAILABILITY = YES_AGGRESSIVE;
				CLANG_WARN_UNREACHABLE_CODE = YES;
				CLANG_WARN__DUPLICATE_METHOD_MATCH = YES;
				COPY_PHASE_STRIP = NO;
				DEBUG_INFORMATION_FORMAT = dwarf;
				ENABLE_STRICT_OBJC_MSGSEND = YES;
				ENABLE_TESTABILITY = YES;
				GCC_C_LANGUAGE_STANDARD = gnu11;
				GCC_DYNAMIC_NO_PIC = NO;
				GCC_NO_COMMON_BLOCKS = YES;
				GCC_OPTIMIZATION_LEVEL = 0;
				GCC_PREPROCESSOR_DEFINITIONS = (
					"DEBUG=1",
					"$(inherited)",
				);
				GCC_WARN_64_TO_32_BIT_CONVERSION = YES;
				GCC_WARN_ABOUT_RETURN_TYPE = YES_ERROR;
				GCC_WARN_UNDECLARED_SELECTOR = YES;
				GCC_WARN_UNINITIALIZED_AUTOS = YES_AGGRESSIVE;
				GCC_WARN_UNUSED_FUNCTION = YES;
				GCC_WARN_UNUSED_VARIABLE = YES;
				MTL_ENABLE_DEBUG_INFO = INCLUDE_SOURCE;
				MTL_FAST_MATH = YES;
				ONLY_ACTIVE_ARCH = YES;
				SWIFT_ACTIVE_COMPILATION_CONDITIONS = DEBUG;
				SWIFT_OPTIMIZATION_LEVEL = "-Onone";
			};
			name = Debug;
		};
		29BC9AB828C3169400D7A8A3 /* Release */ = {
			isa = XCBuildConfiguration;
			buildSettings = {
				ALWAYS_SEARCH_USER_PATHS = NO;
				CLANG_ANALYZER_NONNULL = YES;
				CLANG_ANALYZER_NUMBER_OBJECT_CONVERSION = YES_AGGRESSIVE;
				CLANG_CXX_LANGUAGE_STANDARD = "gnu++20";
				CLANG_ENABLE_MODULES = YES;
				CLANG_ENABLE_OBJC_ARC = YES;
				CLANG_ENABLE_OBJC_WEAK = YES;
				CLANG_WARN_BLOCK_CAPTURE_AUTORELEASING = YES;
				CLANG_WARN_BOOL_CONVERSION = YES;
				CLANG_WARN_COMMA = YES;
				CLANG_WARN_CONSTANT_CONVERSION = YES;
				CLANG_WARN_DEPRECATED_OBJC_IMPLEMENTATIONS = YES;
				CLANG_WARN_DIRECT_OBJC_ISA_USAGE = YES_ERROR;
				CLANG_WARN_DOCUMENTATION_COMMENTS = YES;
				CLANG_WARN_EMPTY_BODY = YES;
				CLANG_WARN_ENUM_CONVERSION = YES;
				CLANG_WARN_INFINITE_RECURSION = YES;
				CLANG_WARN_INT_CONVERSION = YES;
				CLANG_WARN_NON_LITERAL_NULL_CONVERSION = YES;
				CLANG_WARN_OBJC_IMPLICIT_RETAIN_SELF = YES;
				CLANG_WARN_OBJC_LITERAL_CONVERSION = YES;
				CLANG_WARN_OBJC_ROOT_CLASS = YES_ERROR;
				CLANG_WARN_QUOTED_INCLUDE_IN_FRAMEWORK_HEADER = YES;
				CLANG_WARN_RANGE_LOOP_ANALYSIS = YES;
				CLANG_WARN_STRICT_PROTOTYPES = YES;
				CLANG_WARN_SUSPICIOUS_MOVE = YES;
				CLANG_WARN_UNGUARDED_AVAILABILITY = YES_AGGRESSIVE;
				CLANG_WARN_UNREACHABLE_CODE = YES;
				CLANG_WARN__DUPLICATE_METHOD_MATCH = YES;
				COPY_PHASE_STRIP = NO;
				DEBUG_INFORMATION_FORMAT = "dwarf-with-dsym";
				ENABLE_NS_ASSERTIONS = NO;
				ENABLE_STRICT_OBJC_MSGSEND = YES;
				GCC_C_LANGUAGE_STANDARD = gnu11;
				GCC_NO_COMMON_BLOCKS = YES;
				GCC_WARN_64_TO_32_BIT_CONVERSION = YES;
				GCC_WARN_ABOUT_RETURN_TYPE = YES_ERROR;
				GCC_WARN_UNDECLARED_SELECTOR = YES;
				GCC_WARN_UNINITIALIZED_AUTOS = YES_AGGRESSIVE;
				GCC_WARN_UNUSED_FUNCTION = YES;
				GCC_WARN_UNUSED_VARIABLE = YES;
				MTL_ENABLE_DEBUG_INFO = NO;
				MTL_FAST_MATH = YES;
				SWIFT_COMPILATION_MODE = wholemodule;
				SWIFT_OPTIMIZATION_LEVEL = "-O";
			};
			name = Release;
		};
		29BC9ABA28C3169400D7A8A3 /* Debug */ = {
			isa = XCBuildConfiguration;
			buildSettings = {
				ASSETCATALOG_COMPILER_APPICON_NAME = AppIcon;
				ASSETCATALOG_COMPILER_GLOBAL_ACCENT_COLOR_NAME = AccentColor;
				CODE_SIGN_ENTITLEMENTS = Sample/Sample.entitlements;
				CODE_SIGN_STYLE = Automatic;
				CURRENT_PROJECT_VERSION = 1;
				DEVELOPMENT_ASSET_PATHS = "\"Sample/Preview Content\"";
				DEVELOPMENT_TEAM = N86HKU4YGB;
				ENABLE_HARDENED_RUNTIME = YES;
				ENABLE_PREVIEWS = YES;
				GENERATE_INFOPLIST_FILE = YES;
				"INFOPLIST_KEY_UIApplicationSceneManifest_Generation[sdk=iphoneos*]" = YES;
				"INFOPLIST_KEY_UIApplicationSceneManifest_Generation[sdk=iphonesimulator*]" = YES;
				"INFOPLIST_KEY_UIApplicationSupportsIndirectInputEvents[sdk=iphoneos*]" = YES;
				"INFOPLIST_KEY_UIApplicationSupportsIndirectInputEvents[sdk=iphonesimulator*]" = YES;
				"INFOPLIST_KEY_UILaunchScreen_Generation[sdk=iphoneos*]" = YES;
				"INFOPLIST_KEY_UILaunchScreen_Generation[sdk=iphonesimulator*]" = YES;
				"INFOPLIST_KEY_UIStatusBarStyle[sdk=iphoneos*]" = UIStatusBarStyleDefault;
				"INFOPLIST_KEY_UIStatusBarStyle[sdk=iphonesimulator*]" = UIStatusBarStyleDefault;
				INFOPLIST_KEY_UISupportedInterfaceOrientations = UIInterfaceOrientationPortrait;
				IPHONEOS_DEPLOYMENT_TARGET = 15.0;
				LD_RUNPATH_SEARCH_PATHS = "@executable_path/Frameworks";
				"LD_RUNPATH_SEARCH_PATHS[sdk=macosx*]" = "@executable_path/../Frameworks";
				MACOSX_DEPLOYMENT_TARGET = 12.5;
				MARKETING_VERSION = 1.0;
				PRODUCT_BUNDLE_IDENTIFIER = sk.rucinsky.Sample;
				PRODUCT_NAME = "$(TARGET_NAME)";
				SDKROOT = auto;
				SUPPORTED_PLATFORMS = "iphoneos iphonesimulator macosx";
				SWIFT_EMIT_LOC_STRINGS = YES;
				SWIFT_VERSION = 5.0;
				TARGETED_DEVICE_FAMILY = "1,2";
			};
			name = Debug;
		};
		29BC9ABB28C3169400D7A8A3 /* Release */ = {
			isa = XCBuildConfiguration;
			buildSettings = {
				ASSETCATALOG_COMPILER_APPICON_NAME = AppIcon;
				ASSETCATALOG_COMPILER_GLOBAL_ACCENT_COLOR_NAME = AccentColor;
				CODE_SIGN_ENTITLEMENTS = Sample/Sample.entitlements;
				CODE_SIGN_STYLE = Automatic;
				CURRENT_PROJECT_VERSION = 1;
				DEVELOPMENT_ASSET_PATHS = "\"Sample/Preview Content\"";
				DEVELOPMENT_TEAM = N86HKU4YGB;
				ENABLE_HARDENED_RUNTIME = YES;
				ENABLE_PREVIEWS = YES;
				GENERATE_INFOPLIST_FILE = YES;
				"INFOPLIST_KEY_UIApplicationSceneManifest_Generation[sdk=iphoneos*]" = YES;
				"INFOPLIST_KEY_UIApplicationSceneManifest_Generation[sdk=iphonesimulator*]" = YES;
				"INFOPLIST_KEY_UIApplicationSupportsIndirectInputEvents[sdk=iphoneos*]" = YES;
				"INFOPLIST_KEY_UIApplicationSupportsIndirectInputEvents[sdk=iphonesimulator*]" = YES;
				"INFOPLIST_KEY_UILaunchScreen_Generation[sdk=iphoneos*]" = YES;
				"INFOPLIST_KEY_UILaunchScreen_Generation[sdk=iphonesimulator*]" = YES;
				"INFOPLIST_KEY_UIStatusBarStyle[sdk=iphoneos*]" = UIStatusBarStyleDefault;
				"INFOPLIST_KEY_UIStatusBarStyle[sdk=iphonesimulator*]" = UIStatusBarStyleDefault;
				INFOPLIST_KEY_UISupportedInterfaceOrientations = UIInterfaceOrientationPortrait;
				IPHONEOS_DEPLOYMENT_TARGET = 15.0;
				LD_RUNPATH_SEARCH_PATHS = "@executable_path/Frameworks";
				"LD_RUNPATH_SEARCH_PATHS[sdk=macosx*]" = "@executable_path/../Frameworks";
				MACOSX_DEPLOYMENT_TARGET = 12.5;
				MARKETING_VERSION = 1.0;
				PRODUCT_BUNDLE_IDENTIFIER = sk.rucinsky.Sample;
				PRODUCT_NAME = "$(TARGET_NAME)";
				SDKROOT = auto;
				SUPPORTED_PLATFORMS = "iphoneos iphonesimulator macosx";
				SWIFT_EMIT_LOC_STRINGS = YES;
				SWIFT_VERSION = 5.0;
				TARGETED_DEVICE_FAMILY = "1,2";
			};
			name = Release;
		};
		29BC9ABD28C3169400D7A8A3 /* Debug */ = {
			isa = XCBuildConfiguration;
			buildSettings = {
				ALWAYS_EMBED_SWIFT_STANDARD_LIBRARIES = YES;
				BUNDLE_LOADER = "$(TEST_HOST)";
				CODE_SIGN_STYLE = Automatic;
				CURRENT_PROJECT_VERSION = 1;
				DEVELOPMENT_TEAM = N86HKU4YGB;
				GENERATE_INFOPLIST_FILE = YES;
				IPHONEOS_DEPLOYMENT_TARGET = 16.0;
				MACOSX_DEPLOYMENT_TARGET = 12.5;
				MARKETING_VERSION = 1.0;
				PRODUCT_BUNDLE_IDENTIFIER = sk.rucinsky.SampleTests;
				PRODUCT_NAME = "$(TARGET_NAME)";
				SDKROOT = auto;
				SUPPORTED_PLATFORMS = "iphoneos iphonesimulator macosx";
				SWIFT_EMIT_LOC_STRINGS = NO;
				SWIFT_VERSION = 5.0;
				TARGETED_DEVICE_FAMILY = "1,2";
				TEST_HOST = "$(BUILT_PRODUCTS_DIR)/Sample.app/$(BUNDLE_EXECUTABLE_FOLDER_PATH)/Sample";
			};
			name = Debug;
		};
		29BC9ABE28C3169400D7A8A3 /* Release */ = {
			isa = XCBuildConfiguration;
			buildSettings = {
				ALWAYS_EMBED_SWIFT_STANDARD_LIBRARIES = YES;
				BUNDLE_LOADER = "$(TEST_HOST)";
				CODE_SIGN_STYLE = Automatic;
				CURRENT_PROJECT_VERSION = 1;
				DEVELOPMENT_TEAM = N86HKU4YGB;
				GENERATE_INFOPLIST_FILE = YES;
				IPHONEOS_DEPLOYMENT_TARGET = 16.0;
				MACOSX_DEPLOYMENT_TARGET = 12.5;
				MARKETING_VERSION = 1.0;
				PRODUCT_BUNDLE_IDENTIFIER = sk.rucinsky.SampleTests;
				PRODUCT_NAME = "$(TARGET_NAME)";
				SDKROOT = auto;
				SUPPORTED_PLATFORMS = "iphoneos iphonesimulator macosx";
				SWIFT_EMIT_LOC_STRINGS = NO;
				SWIFT_VERSION = 5.0;
				TARGETED_DEVICE_FAMILY = "1,2";
				TEST_HOST = "$(BUILT_PRODUCTS_DIR)/Sample.app/$(BUNDLE_EXECUTABLE_FOLDER_PATH)/Sample";
			};
			name = Release;
		};
		29BC9AC028C3169400D7A8A3 /* Debug */ = {
			isa = XCBuildConfiguration;
			buildSettings = {
				ALWAYS_EMBED_SWIFT_STANDARD_LIBRARIES = YES;
				CODE_SIGN_STYLE = Automatic;
				CURRENT_PROJECT_VERSION = 1;
				DEVELOPMENT_TEAM = N86HKU4YGB;
				GENERATE_INFOPLIST_FILE = YES;
				IPHONEOS_DEPLOYMENT_TARGET = 16.0;
				MACOSX_DEPLOYMENT_TARGET = 12.5;
				MARKETING_VERSION = 1.0;
				PRODUCT_BUNDLE_IDENTIFIER = sk.rucinsky.SampleUITests;
				PRODUCT_NAME = "$(TARGET_NAME)";
				SDKROOT = auto;
				SUPPORTED_PLATFORMS = "iphoneos iphonesimulator macosx";
				SWIFT_EMIT_LOC_STRINGS = NO;
				SWIFT_VERSION = 5.0;
				TARGETED_DEVICE_FAMILY = "1,2";
				TEST_TARGET_NAME = Sample;
			};
			name = Debug;
		};
		29BC9AC128C3169400D7A8A3 /* Release */ = {
			isa = XCBuildConfiguration;
			buildSettings = {
				ALWAYS_EMBED_SWIFT_STANDARD_LIBRARIES = YES;
				CODE_SIGN_STYLE = Automatic;
				CURRENT_PROJECT_VERSION = 1;
				DEVELOPMENT_TEAM = N86HKU4YGB;
				GENERATE_INFOPLIST_FILE = YES;
				IPHONEOS_DEPLOYMENT_TARGET = 16.0;
				MACOSX_DEPLOYMENT_TARGET = 12.5;
				MARKETING_VERSION = 1.0;
				PRODUCT_BUNDLE_IDENTIFIER = sk.rucinsky.SampleUITests;
				PRODUCT_NAME = "$(TARGET_NAME)";
				SDKROOT = auto;
				SUPPORTED_PLATFORMS = "iphoneos iphonesimulator macosx";
				SWIFT_EMIT_LOC_STRINGS = NO;
				SWIFT_VERSION = 5.0;
				TARGETED_DEVICE_FAMILY = "1,2";
				TEST_TARGET_NAME = Sample;
			};
			name = Release;
		};
/* End XCBuildConfiguration section */

/* Begin XCConfigurationList section */
		29BC9A8F28C3169200D7A8A3 /* Build configuration list for PBXProject "Sample" */ = {
			isa = XCConfigurationList;
			buildConfigurations = (
				29BC9AB728C3169400D7A8A3 /* Debug */,
				29BC9AB828C3169400D7A8A3 /* Release */,
			);
			defaultConfigurationIsVisible = 0;
			defaultConfigurationName = Release;
		};
		29BC9AB928C3169400D7A8A3 /* Build configuration list for PBXNativeTarget "Sample" */ = {
			isa = XCConfigurationList;
			buildConfigurations = (
				29BC9ABA28C3169400D7A8A3 /* Debug */,
				29BC9ABB28C3169400D7A8A3 /* Release */,
			);
			defaultConfigurationIsVisible = 0;
			defaultConfigurationName = Release;
		};
		29BC9ABC28C3169400D7A8A3 /* Build configuration list for PBXNativeTarget "SampleTests" */ = {
			isa = XCConfigurationList;
			buildConfigurations = (
				29BC9ABD28C3169400D7A8A3 /* Debug */,
				29BC9ABE28C3169400D7A8A3 /* Release */,
			);
			defaultConfigurationIsVisible = 0;
			defaultConfigurationName = Release;
		};
		29BC9ABF28C3169400D7A8A3 /* Build configuration list for PBXNativeTarget "SampleUITests" */ = {
			isa = XCConfigurationList;
			buildConfigurations = (
				29BC9AC028C3169400D7A8A3 /* Debug */,
				29BC9AC128C3169400D7A8A3 /* Release */,
			);
			defaultConfigurationIsVisible = 0;
			defaultConfigurationName = Release;
		};
/* End XCConfigurationList section */
	};
	rootObject = 29BC9A8C28C3169200D7A8A3 /* Project object */;
}
